dependencies:
  OmegaBaseLoggingController:
    component_hash: 6ea842f9c1e3be922cecbad26164014901a18740657c132b564632fc703c12de
    source:
      git: https://github.com/Omegaki113r/OmegaBaseLoggingController.git
      path: .
      type: git
    version: 374e680475d3c372d0c956d8fe1a3793c69c0c23
  OmegaFileSystemController:
    component_hash: 96c890714468e2e2e23c21832e8c0fe74aabb6ca35301aab01b0994d75389825
    source:
      git: https://github.com/Omegaki113r/OmegaFileSystemController.git
      path: .
      type: git
    version: 15eccb1f15019e3e11fef71852820521f1b588f8
  OmegaHandleGenerator:
    component_hash: 752160adc362ce40c6095555ef6627c6a41e13517db1cf61ed144068c434416a
    source:
      git: https://github.com/Omegaki113r/OmegaHandleGenerator.git
      path: .
      type: git
    version: 35c6ed2140a30ca0cf6ac3af5eb3b9f51383629d
  OmegaUtilityDriver:
    component_hash: 700f12d8b0c22d32d4342268628248cbf077ef1aee5b789632e6e81bff443ad7
    source:
      git: https://github.com/Omegaki113r/OmegaUtilityDriver.git
      path: .
      type: git
    version: cf5d543d4684cf270d7bc50239e68a0e834a7f54
  idf:
    component_hash: null
    source:
      type: idf
    version: 5.3.0
manifest_hash: e2e0334d6a2620614436b12e14a108f135522c6ce0c6c50972ced4d911b8dc24
target: esp32s3
version: 1.0.0
