dependencies:
  OmegaBaseLoggingController:
    component_hash: 2649c805057bee307d7e8648bbf699bf9a742d889549aa5838613bf5479fd276
    source:
      git: https://github.com/Omegaki113r/OmegaBaseLoggingController.git
      path: .
      type: git
    version: 3c145657c7bacc0e8572e87e3e51b59f4578ff9b
  OmegaFileSystemController:
    component_hash: 9da9e723a650c2b075fd8e1befac68c437324554621e527c0bd8c2a1b499b7b0
    source:
      git: https://github.com/Omegaki113r/OmegaFileSystemController.git
      path: .
      type: git
    version: 3e261ee73feab78cc8f64c0809c63460a5870f79
  idf:
    component_hash: null
    source:
      type: idf
    version: 5.3.0
manifest_hash: 79197f24203c68abf35dc8b6e37e3a5406459214573cf355ecc19f5df11e7236
target: esp32s3
version: 1.0.0
