dependencies:
  OmegaFileSystemController:
    component_hash: 0875393c306da6d1c135cc4f81bf8dc9ad6206efdd666abdaf1f20dc2e5b919e
    source:
      git: https://github.com/Omegaki113r/OmegaFileSystemController.git
      path: .
      type: git
    version: 9b7712108957527d36906ff7486325a0144a524e
  idf:
    component_hash: null
    source:
      type: idf
    version: 5.3.0
manifest_hash: 7ed4ade4ee80ddaf17d4971df8b411eb62603fbf19786ca714d3fabf21a7d54d
target: esp32s3
version: 1.0.0
